
Microsoft Visual Studio Solution File, Format Version 12.00
# Visual Studio Version 17
VisualStudioVersion = 17.8.35827.206
MinimumVisualStudioVersion = 10.0.40219.1
Project("{FAE04EC0-301F-11D3-BF4B-00C04F79EFBC}") = "BookIOP", "BookIOP.csproj", "{EC7BBAF5-A3DA-4B7B-880E-424EB5A8FD89}"
EndProject
Global
	GlobalSection(SolutionConfigurationPlatforms) = preSolution
		Debug|Any CPU = Debug|Any CPU
		Release|Any CPU = Release|Any CPU
	EndGlobalSection
	GlobalSection(ProjectConfigurationPlatforms) = postSolution
		{EC7BBAF5-A3DA-4B7B-880E-424EB5A8FD89}.Debug|Any CPU.ActiveCfg = Debug|Any CPU
		{EC7BBAF5-A3DA-4B7B-880E-424EB5A8FD89}.Debug|Any CPU.Build.0 = Debug|Any CPU
		{EC7BBAF5-A3DA-4B7B-880E-424EB5A8FD89}.Release|Any CPU.ActiveCfg = Release|Any CPU
		{EC7BBAF5-A3DA-4B7B-880E-424EB5A8FD89}.Release|Any CPU.Build.0 = Release|Any CPU
	EndGlobalSection
	GlobalSection(SolutionProperties) = preSolution
		HideSolutionNode = FALSE
	EndGlobalSection
	GlobalSection(ExtensibilityGlobals) = postSolution
		SolutionGuid = {9BF6E5DC-A508-4D8D-B9A4-21A3EDDC44D9}
	EndGlobalSection
EndGlobal
